{
  "name": "w-qui",
  "version": "1.0.0",
  "lockfileVersion": 1,
  "requires": true,
  "dependencies": {
    "@types/node": {
      "version": "16.7.1",
      "resolved": "https://registry.nlark.com/@types/node/download/@types/node-16.7.1.tgz?cache=0&sync_timestamp=1629504256009&other_urls=https%3A%2F%2Fregistry.nlark.com%2F%40types%2Fnode%2Fdownload%2F%40types%2Fnode-16.7.1.tgz",
      "integrity": "sha1-xrkZgXjaUE38of0L6bLhAC8VhvA=",
      "dev": true
    },
    "typescript": {
      "version": "4.3.5",
      "resolved": "https://registry.nlark.com/typescript/download/typescript-4.3.5.tgz?cache=0&sync_timestamp=1629530349115&other_urls=https%3A%2F%2Fregistry.nlark.com%2Ftypescript%2Fdownload%2Ftypescript-4.3.5.tgz",
      "integrity": "sha1-TRw3zBbok5c8RaBohrcRMjTxGfQ=",
      "dev": true
    }
  }
}
